
Microsoft Visual Studio Solution File, Format Version 12.00
# Visual Studio 2013
VisualStudioVersion = 12.0.31101.0
MinimumVisualStudioVersion = 10.0.40219.1
Project("{FAE04EC0-301F-11D3-BF4B-00C04F79EFBC}") = "Socks", "Socks\Socks.csproj", "{B4783BDF-1B11-4F8B-A90E-22830A90C9E5}"
EndProject
Project("{FAE04EC0-301F-11D3-BF4B-00C04F79EFBC}") = "SharedComponents", "SharedComponents\SharedComponents.csproj", "{0FBF023A-E6CD-4A89-88BC-97FBA2295E79}"
EndProject
Project("{FAE04EC0-301F-11D3-BF4B-00C04F79EFBC}") = "AlarmWebApp", "AlarmWebApp\AlarmWebApp.csproj", "{4BA84037-CDEC-46E7-8224-1B4ACA6B99D8}"
EndProject
Global
	GlobalSection(SolutionConfigurationPlatforms) = preSolution
		Debug|Any CPU = Debug|Any CPU
		Release|Any CPU = Release|Any CPU
	EndGlobalSection
	GlobalSection(ProjectConfigurationPlatforms) = postSolution
		{B4783BDF-1B11-4F8B-A90E-22830A90C9E5}.Debug|Any CPU.ActiveCfg = Debug|Any CPU
		{B4783BDF-1B11-4F8B-A90E-22830A90C9E5}.Debug|Any CPU.Build.0 = Debug|Any CPU
		{B4783BDF-1B11-4F8B-A90E-22830A90C9E5}.Release|Any CPU.ActiveCfg = Release|Any CPU
		{B4783BDF-1B11-4F8B-A90E-22830A90C9E5}.Release|Any CPU.Build.0 = Release|Any CPU
		{0FBF023A-E6CD-4A89-88BC-97FBA2295E79}.Debug|Any CPU.ActiveCfg = Debug|Any CPU
		{0FBF023A-E6CD-4A89-88BC-97FBA2295E79}.Debug|Any CPU.Build.0 = Debug|Any CPU
		{0FBF023A-E6CD-4A89-88BC-97FBA2295E79}.Release|Any CPU.ActiveCfg = Release|Any CPU
		{0FBF023A-E6CD-4A89-88BC-97FBA2295E79}.Release|Any CPU.Build.0 = Release|Any CPU
		{4BA84037-CDEC-46E7-8224-1B4ACA6B99D8}.Debug|Any CPU.ActiveCfg = Debug|Any CPU
		{4BA84037-CDEC-46E7-8224-1B4ACA6B99D8}.Debug|Any CPU.Build.0 = Debug|Any CPU
		{4BA84037-CDEC-46E7-8224-1B4ACA6B99D8}.Release|Any CPU.ActiveCfg = Release|Any CPU
		{4BA84037-CDEC-46E7-8224-1B4ACA6B99D8}.Release|Any CPU.Build.0 = Release|Any CPU
	EndGlobalSection
	GlobalSection(SolutionProperties) = preSolution
		HideSolutionNode = FALSE
	EndGlobalSection
EndGlobal
